
Microsoft Visual Studio Solution File, Format Version 10.00
# Visual Studio 2008
Project("{FAE04EC0-301F-11D3-BF4B-00C04F79EFBC}") = "VanityRemover.WinForms", "VanityRemover.WinForms\VanityRemover.WinForms.csproj", "{3CE7740E-AD7C-4C11-A88F-F1FD21FD46BB}"
EndProject
Project("{FAE04EC0-301F-11D3-BF4B-00C04F79EFBC}") = "VanityRemover.Core", "VanityRemover.Core\VanityRemover.Core.csproj", "{4B3AA543-F1A5-4613-BC8F-2147A0B74EE5}"
EndProject
Project("{FAE04EC0-301F-11D3-BF4B-00C04F79EFBC}") = "VanityRemover.Core.Tests", "VanityRemover.Core.Tests\VanityRemover.Core.Tests.csproj", "{3BBE04B9-E676-4C6A-BA7A-832F13246AA6}"
EndProject
Project("{FAE04EC0-301F-11D3-BF4B-00C04F79EFBC}") = "VanityRemover.Console", "VanityRemover.Console\VanityRemover.Console.csproj", "{2E707491-8178-460F-A33B-52326DD327BA}"
EndProject
Global
	GlobalSection(SolutionConfigurationPlatforms) = preSolution
		Debug|Any CPU = Debug|Any CPU
		Release|Any CPU = Release|Any CPU
	EndGlobalSection
	GlobalSection(ProjectConfigurationPlatforms) = postSolution
		{3CE7740E-AD7C-4C11-A88F-F1FD21FD46BB}.Debug|Any CPU.ActiveCfg = Debug|Any CPU
		{3CE7740E-AD7C-4C11-A88F-F1FD21FD46BB}.Debug|Any CPU.Build.0 = Debug|Any CPU
		{3CE7740E-AD7C-4C11-A88F-F1FD21FD46BB}.Release|Any CPU.ActiveCfg = Release|Any CPU
		{3CE7740E-AD7C-4C11-A88F-F1FD21FD46BB}.Release|Any CPU.Build.0 = Release|Any CPU
		{4B3AA543-F1A5-4613-BC8F-2147A0B74EE5}.Debug|Any CPU.ActiveCfg = Debug|Any CPU
		{4B3AA543-F1A5-4613-BC8F-2147A0B74EE5}.Debug|Any CPU.Build.0 = Debug|Any CPU
		{4B3AA543-F1A5-4613-BC8F-2147A0B74EE5}.Release|Any CPU.ActiveCfg = Release|Any CPU
		{4B3AA543-F1A5-4613-BC8F-2147A0B74EE5}.Release|Any CPU.Build.0 = Release|Any CPU
		{3BBE04B9-E676-4C6A-BA7A-832F13246AA6}.Debug|Any CPU.ActiveCfg = Debug|Any CPU
		{3BBE04B9-E676-4C6A-BA7A-832F13246AA6}.Debug|Any CPU.Build.0 = Debug|Any CPU
		{3BBE04B9-E676-4C6A-BA7A-832F13246AA6}.Release|Any CPU.ActiveCfg = Release|Any CPU
		{3BBE04B9-E676-4C6A-BA7A-832F13246AA6}.Release|Any CPU.Build.0 = Release|Any CPU
		{2E707491-8178-460F-A33B-52326DD327BA}.Debug|Any CPU.ActiveCfg = Debug|Any CPU
		{2E707491-8178-460F-A33B-52326DD327BA}.Debug|Any CPU.Build.0 = Debug|Any CPU
		{2E707491-8178-460F-A33B-52326DD327BA}.Release|Any CPU.ActiveCfg = Release|Any CPU
		{2E707491-8178-460F-A33B-52326DD327BA}.Release|Any CPU.Build.0 = Release|Any CPU
	EndGlobalSection
	GlobalSection(SolutionProperties) = preSolution
		HideSolutionNode = FALSE
	EndGlobalSection
EndGlobal
